{
  "name": "aiwar",
  "version": "1.0.0",
  "lockfileVersion": 1,
  "requires": true,
  "dependencies": {
    "@types/synaptic": {
      "version": "1.0.3",
      "resolved": "https://registry.npmjs.org/@types/synaptic/-/synaptic-1.0.3.tgz",
      "integrity": "sha512-YhFSgLpf684br0COiwSfdlH8vrW86kUuYaOWwgjoC5p2kGrdUQotMArk1cBopXQJeDfzsHlZtCWUkUNuHVkbHw=="
    },
    "synaptic": {
      "version": "1.1.4",
      "resolved": "https://registry.npmjs.org/synaptic/-/synaptic-1.1.4.tgz",
      "integrity": "sha512-JFtU98VDFI0uBTowgySo+UUEkc7rSVHaxx9D6dR5BK6u81G7uAxcp32Gi2SHciLpFbvJVd1Pfz7aqSNQO4EH9Q=="
    },
    "systemjs": {
      "version": "2.1.2",
      "resolved": "https://registry.npmjs.org/systemjs/-/systemjs-2.1.2.tgz",
      "integrity": "sha512-zWKz0FMcnqnMuqSQ9htSeDCAWSLWmBaY6VypVtcVhY4VWJzp7RfNGuOT+2ABAHZR7GuPmEjDmvBV48khHfqxAw=="
    },
    "typescript": {
      "version": "3.7.2",
      "resolved": "https://registry.npmjs.org/typescript/-/typescript-3.7.2.tgz",
      "integrity": "sha512-ml7V7JfiN2Xwvcer+XAf2csGO1bPBdRbFCkYBczNZggrBZ9c7G3riSUeJmqEU5uOtXNPMhE3n+R4FA/3YOAWOQ=="
    }
  }
}
