{
  "name": "aiwar",
  "version": "1.0.0",
  "lockfileVersion": 1,
  "requires": true,
  "dependencies": {
    "@types/synaptic": {
      "version": "1.0.3",
      "resolved": "https://registry.npmjs.org/@types/synaptic/-/synaptic-1.0.3.tgz",
      "integrity": "sha512-YhFSgLpf684br0COiwSfdlH8vrW86kUuYaOWwgjoC5p2kGrdUQotMArk1cBopXQJeDfzsHlZtCWUkUNuHVkbHw=="
    },
    "eventemitter3": {
      "version": "3.1.0",
      "resolved": "https://registry.npmjs.org/eventemitter3/-/eventemitter3-3.1.0.tgz",
      "integrity": "sha512-ivIvhpq/Y0uSjcHDcOIccjmYjGLcP09MFGE7ysAwkAvkXfpZlC985pH2/ui64DKazbTW/4kN3yqozUxlXzI6cA=="
    },
    "phaser": {
      "version": "3.15.1",
      "resolved": "https://registry.npmjs.org/phaser/-/phaser-3.15.1.tgz",
      "integrity": "sha512-K2IaBziSW6OFyIkIFyJgBSi+kL1yip3gbL6TBsjzesJqLxP3o5+NwfPf6fqrQ4yxBYbbuKP2da5lsh5LFw7jXA==",
      "requires": {
        "eventemitter3": "^3.1.0"
      }
    },
    "synaptic": {
      "version": "1.1.4",
      "resolved": "https://registry.npmjs.org/synaptic/-/synaptic-1.1.4.tgz",
      "integrity": "sha512-JFtU98VDFI0uBTowgySo+UUEkc7rSVHaxx9D6dR5BK6u81G7uAxcp32Gi2SHciLpFbvJVd1Pfz7aqSNQO4EH9Q=="
    },
    "systemjs": {
      "version": "2.1.1",
      "resolved": "https://registry.npmjs.org/systemjs/-/systemjs-2.1.1.tgz",
      "integrity": "sha512-T8bqkkIl56bLGrMzQh3+Ug2Oxg7NSyj+JFHv5Gi8V81mQr5XQKHEDooqvixbchYM9ZoeZedJFCMiPyN+nIEj4Q=="
    },
    "typescript": {
      "version": "3.2.2",
      "resolved": "https://registry.npmjs.org/typescript/-/typescript-3.2.2.tgz",
      "integrity": "sha512-VCj5UiSyHBjwfYacmDuc/NOk4QQixbE+Wn7MFJuS0nRuPQbof132Pw4u53dm264O8LPc2MVsc7RJNml5szurkg=="
    }
  }
}
